schema: '2.0'
stages:
  load_data:
    cmd: python stages/load_data.py
    deps:
    - path: params.yaml
      hash: md5
      md5: cd45c23da55e569b01fa1fe96d19a117
      size: 186
    outs:
    - path: data/raw/titanic.csv
      hash: md5
      md5: 2e0e4b0aeeb40b47ee0915eba73534bc
      size: 62894
  preprocess_data:
    cmd: python stages/preprocess_data.py
    deps:
    - path: data/raw/titanic.csv
      hash: md5
      md5: 2e0e4b0aeeb40b47ee0915eba73534bc
      size: 62894
    - path: params.yaml
      hash: md5
      md5: cd45c23da55e569b01fa1fe96d19a117
      size: 186
    outs:
    - path: data/processed/titanic_processed.csv
      hash: md5
      md5: 6e42212495fc9c6041d8f450dd0a459f
      size: 36672
  train:
    cmd: python stages/train.py
    deps:
    - path: data/processed/titanic_processed.csv
      hash: md5
      md5: 6e42212495fc9c6041d8f450dd0a459f
      size: 36672
    - path: params.yaml
      hash: md5
      md5: cd45c23da55e569b01fa1fe96d19a117
      size: 186
    outs:
    - path: models/model.pkl
      hash: md5
      md5: be9320d99c490e287c903f1839d2ca8d
      size: 4395353
  evaluate:
    cmd: python stages/evaluate.py
    deps:
    - path: data/processed/titanic_processed.csv
      hash: md5
      md5: 6e42212495fc9c6041d8f450dd0a459f
      size: 36672
    - path: models/model.pkl
      hash: md5
      md5: be9320d99c490e287c903f1839d2ca8d
      size: 4395353
    outs:
    - path: results/confusion_matrix.png
      hash: md5
      md5: f3a1efe992c30c05e834939223237d50
      size: 17302
    - path: results/metrics.json
      hash: md5
      md5: 33ae96040b7c9c10ee42d38760bb812d
      size: 126
